
Microsoft Visual Studio Solution File, Format Version 12.00
# Visual Studio 15
Project("{FAE04EC0-301F-11D3-BF4B-00C04F79EFBC}") = "MyfirstCoreApi", "MyfirstCoreApi\MyfirstCoreApi.csproj", "{1B6706B4-C3AB-4C44-9884-7EC8E7B2D76D}"
EndProject
Global
	GlobalSection(SolutionConfigurationPlatforms) = preSolution
		Debug|Any CPU = Debug|Any CPU
		Release|Any CPU = Release|Any CPU
	EndGlobalSection
	GlobalSection(ProjectConfigurationPlatforms) = postSolution
		{1B6706B4-C3AB-4C44-9884-7EC8E7B2D76D}.Debug|Any CPU.ActiveCfg = Debug|Any CPU
		{1B6706B4-C3AB-4C44-9884-7EC8E7B2D76D}.Debug|Any CPU.Build.0 = Debug|Any CPU
		{1B6706B4-C3AB-4C44-9884-7EC8E7B2D76D}.Release|Any CPU.ActiveCfg = Release|Any CPU
		{1B6706B4-C3AB-4C44-9884-7EC8E7B2D76D}.Release|Any CPU.Build.0 = Release|Any CPU
	EndGlobalSection
EndGlobal
